<?xml version="1.0" encoding="utf-8"?>
<Project ToolsVersion="4.0" xmlns="http://schemas.microsoft.com/developer/msbuild/2003">
  <ItemGroup>
    <Filter Include="Source Files">
      <UniqueIdentifier>{4FC737F1-C7A5-4376-A066-2A32D752A2FF}</UniqueIdentifier>
      <Extensions>cpp;c;cc;cxx;c++;cppm;ixx;def;odl;idl;hpj;bat;asm;asmx</Extensions>
    </Filter>
    <Filter Include="Header Files">
      <UniqueIdentifier>{93995380-89BD-4b04-88EB-625FBE52EBFB}</UniqueIdentifier>
      <Extensions>h;hh;hpp;hxx;h++;hm;inl;inc;ipp;xsd</Extensions>
    </Filter>
    <Filter Include="Resource Files">
      <UniqueIdentifier>{67DA6AB6-F800-4c08-8B7A-83BB121AAD01}</UniqueIdentifier>
      <Extensions>rc;ico;cur;bmp;dlg;rc2;rct;bin;rgs;gif;jpg;jpeg;jpe;resx;tiff;tif;png;wav;mfcribbon-ms</Extensions>
    </Filter>
    <Filter Include="Source Files\dayOne">
      <UniqueIdentifier>{0de586ec-993c-4ac1-a5b4-587561b5f90c}</UniqueIdentifier>
    </Filter>
    <Filter Include="Header Files\dayOne">
      <UniqueIdentifier>{89d04c44-cc92-4160-a718-d2b58a233253}</UniqueIdentifier>
    </Filter>
    <Filter Include="Source Files\dayTwo">
      <UniqueIdentifier>{a72be0d0-cbd2-459b-b532-370cf46adc18}</UniqueIdentifier>
    </Filter>
    <Filter Include="Header Files\dayTwo">
      <UniqueIdentifier>{ea8b3e13-3951-4413-8420-5f5bec4916bb}</UniqueIdentifier>
    </Filter>
    <Filter Include="Source Files\dayThree">
      <UniqueIdentifier>{96314044-6952-4762-a973-613919b8076c}</UniqueIdentifier>
    </Filter>
    <Filter Include="Header Files\dayThree">
      <UniqueIdentifier>{ec530e9f-b844-4c1a-8c0b-60a6781a5b83}</UniqueIdentifier>
    </Filter>
  </ItemGroup>
  <ItemGroup>
    <ClCompile Include="day1.cpp">
      <Filter>Source Files\dayOne</Filter>
    </ClCompile>
    <ClCompile Include="main.cpp">
      <Filter>Source Files</Filter>
    </ClCompile>
    <ClCompile Include="day1PartTwo.cpp">
      <Filter>Source Files\dayOne</Filter>
    </ClCompile>
    <ClCompile Include="dayTwo.cpp">
      <Filter>Source Files\dayTwo</Filter>
    </ClCompile>
    <ClCompile Include="dayTwoPartTwo.cpp">
      <Filter>Source Files\dayTwo</Filter>
    </ClCompile>
    <ClCompile Include="dayThree.cpp">
      <Filter>Source Files\dayThree</Filter>
    </ClCompile>
  </ItemGroup>
  <ItemGroup>
    <Text Include="day1test.txt">
      <Filter>Source Files\dayOne</Filter>
    </Text>
    <Text Include="day1full.txt">
      <Filter>Source Files\dayOne</Filter>
    </Text>
    <Text Include="dayTwoTest.txt">
      <Filter>Source Files\dayTwo</Filter>
    </Text>
    <Text Include="dayTwoFull.txt">
      <Filter>Source Files\dayTwo</Filter>
    </Text>
    <Text Include="dayThreeFull.txt">
      <Filter>Source Files\dayThree</Filter>
    </Text>
    <Text Include="dayThreeTest.txt">
      <Filter>Source Files\dayThree</Filter>
    </Text>
  </ItemGroup>
  <ItemGroup>
    <ClInclude Include="day1PartTwo.h">
      <Filter>Header Files\dayOne</Filter>
    </ClInclude>
    <ClInclude Include="day2.h">
      <Filter>Header Files\dayTwo</Filter>
    </ClInclude>
    <ClInclude Include="day1.h">
      <Filter>Header Files\dayOne</Filter>
    </ClInclude>
    <ClInclude Include="day2PartTwo.h">
      <Filter>Header Files\dayTwo</Filter>
    </ClInclude>
    <ClInclude Include="day3.h">
      <Filter>Header Files\dayThree</Filter>
    </ClInclude>
  </ItemGroup>
</Project>