<?xml version="1.0" encoding="utf-8"?>
<Project ToolsVersion="4.0" xmlns="http://schemas.microsoft.com/developer/msbuild/2003">
  <ItemGroup>
    <Filter Include="Source Files">
      <UniqueIdentifier>{4FC737F1-C7A5-4376-A066-2A32D752A2FF}</UniqueIdentifier>
      <Extensions>cpp;c;cc;cxx;c++;cppm;ixx;def;odl;idl;hpj;bat;asm;asmx</Extensions>
    </Filter>
    <Filter Include="Header Files">
      <UniqueIdentifier>{93995380-89BD-4b04-88EB-625FBE52EBFB}</UniqueIdentifier>
      <Extensions>h;hh;hpp;hxx;h++;hm;inl;inc;ipp;xsd</Extensions>
    </Filter>
    <Filter Include="Resource Files">
      <UniqueIdentifier>{67DA6AB6-F800-4c08-8B7A-83BB121AAD01}</UniqueIdentifier>
      <Extensions>rc;ico;cur;bmp;dlg;rc2;rct;bin;rgs;gif;jpg;jpeg;jpe;resx;tiff;tif;png;wav;mfcribbon-ms</Extensions>
    </Filter>
    <Filter Include="Source Files\dayOne">
      <UniqueIdentifier>{0de586ec-993c-4ac1-a5b4-587561b5f90c}</UniqueIdentifier>
    </Filter>
    <Filter Include="Header Files\dayOne">
      <UniqueIdentifier>{89d04c44-cc92-4160-a718-d2b58a233253}</UniqueIdentifier>
    </Filter>
    <Filter Include="Source Files\dayTwo">
      <UniqueIdentifier>{a72be0d0-cbd2-459b-b532-370cf46adc18}</UniqueIdentifier>
    </Filter>
    <Filter Include="Header Files\dayTwo">
      <UniqueIdentifier>{ea8b3e13-3951-4413-8420-5f5bec4916bb}</UniqueIdentifier>
    </Filter>
    <Filter Include="Source Files\dayThree">
      <UniqueIdentifier>{96314044-6952-4762-a973-613919b8076c}</UniqueIdentifier>
    </Filter>
    <Filter Include="Header Files\dayThree">
      <UniqueIdentifier>{ec530e9f-b844-4c1a-8c0b-60a6781a5b83}</UniqueIdentifier>
    </Filter>
    <Filter Include="Header Files\dayFour">
      <UniqueIdentifier>{0d4b09e0-8e35-4207-becc-f9dd7059cbc9}</UniqueIdentifier>
    </Filter>
    <Filter Include="Source Files\dayFour">
      <UniqueIdentifier>{b1cfcb35-f610-4da7-9b6a-a2c8b5369aaf}</UniqueIdentifier>
    </Filter>
    <Filter Include="Header Files\dayFive">
      <UniqueIdentifier>{91aa223f-e5f8-4a38-9c75-d4db424a5876}</UniqueIdentifier>
    </Filter>
    <Filter Include="Source Files\dayFive">
      <UniqueIdentifier>{de793415-a53d-4ce7-9a70-c7cbc264de24}</UniqueIdentifier>
    </Filter>
    <Filter Include="Header Files\daySix">
      <UniqueIdentifier>{69a2603b-41ad-4705-87d0-be53155965fa}</UniqueIdentifier>
    </Filter>
    <Filter Include="Source Files\daySix">
      <UniqueIdentifier>{ba69ed98-2650-47c0-94df-e98c06315cbb}</UniqueIdentifier>
    </Filter>
    <Filter Include="Header Files\daySeven">
      <UniqueIdentifier>{423eda76-0dda-4e73-bcee-6b07b3f564a8}</UniqueIdentifier>
    </Filter>
    <Filter Include="Source Files\daySeven">
      <UniqueIdentifier>{5a5f9cb7-448a-487f-8fc1-07593dd449e3}</UniqueIdentifier>
    </Filter>
    <Filter Include="Header Files\libs">
      <UniqueIdentifier>{83b195c4-288f-4428-933c-5b19e7e643c7}</UniqueIdentifier>
    </Filter>
    <Filter Include="Source Files\dayEight">
      <UniqueIdentifier>{39102eac-dbef-43d0-9ed5-82e5f5abfc38}</UniqueIdentifier>
    </Filter>
    <Filter Include="Header Files\dayEight">
      <UniqueIdentifier>{0fb6b867-7d71-4537-b833-f4741c657325}</UniqueIdentifier>
    </Filter>
  </ItemGroup>
  <ItemGroup>
    <ClCompile Include="day1.cpp">
      <Filter>Source Files\dayOne</Filter>
    </ClCompile>
    <ClCompile Include="main.cpp">
      <Filter>Source Files</Filter>
    </ClCompile>
    <ClCompile Include="day1PartTwo.cpp">
      <Filter>Source Files\dayOne</Filter>
    </ClCompile>
    <ClCompile Include="dayTwo.cpp">
      <Filter>Source Files\dayTwo</Filter>
    </ClCompile>
    <ClCompile Include="dayTwoPartTwo.cpp">
      <Filter>Source Files\dayTwo</Filter>
    </ClCompile>
    <ClCompile Include="dayThree.cpp">
      <Filter>Source Files\dayThree</Filter>
    </ClCompile>
    <ClCompile Include="dayThreePartTwo.cpp">
      <Filter>Source Files\dayThree</Filter>
    </ClCompile>
    <ClCompile Include="dayFour.cpp">
      <Filter>Source Files\dayFour</Filter>
    </ClCompile>
    <ClCompile Include="dayFourPartTwo.cpp">
      <Filter>Source Files\dayFour</Filter>
    </ClCompile>
    <ClCompile Include="dayFive.cpp">
      <Filter>Source Files\dayFive</Filter>
    </ClCompile>
    <ClCompile Include="dayFivePartTwo.cpp">
      <Filter>Source Files\dayFive</Filter>
    </ClCompile>
    <ClCompile Include="daySix.cpp">
      <Filter>Source Files\daySix</Filter>
    </ClCompile>
    <ClCompile Include="daySixPartTwo.cpp">
      <Filter>Source Files\daySix</Filter>
    </ClCompile>
    <ClCompile Include="daySeven.cpp">
      <Filter>Source Files\daySeven</Filter>
    </ClCompile>
    <ClCompile Include="daySevenPartTwo.cpp">
      <Filter>Source Files\daySeven</Filter>
    </ClCompile>
    <ClCompile Include="dayEight.cpp">
      <Filter>Source Files\dayEight</Filter>
    </ClCompile>
    <ClCompile Include="template.cpp">
      <Filter>Source Files</Filter>
    </ClCompile>
  </ItemGroup>
  <ItemGroup>
    <Text Include="day1test.txt">
      <Filter>Source Files\dayOne</Filter>
    </Text>
    <Text Include="day1full.txt">
      <Filter>Source Files\dayOne</Filter>
    </Text>
    <Text Include="dayTwoTest.txt">
      <Filter>Source Files\dayTwo</Filter>
    </Text>
    <Text Include="dayTwoFull.txt">
      <Filter>Source Files\dayTwo</Filter>
    </Text>
    <Text Include="dayThreeFull.txt">
      <Filter>Source Files\dayThree</Filter>
    </Text>
    <Text Include="dayThreeTest.txt">
      <Filter>Source Files\dayThree</Filter>
    </Text>
    <Text Include="dayFourTest.txt">
      <Filter>Source Files\dayFour</Filter>
    </Text>
    <Text Include="dayFiveTest.txt">
      <Filter>Source Files\dayFive</Filter>
    </Text>
    <Text Include="dayFiveFull.txt">
      <Filter>Source Files\dayFive</Filter>
    </Text>
    <Text Include="dayFourFull.txt">
      <Filter>Source Files\dayFour</Filter>
    </Text>
    <Text Include="daySixTest.txt">
      <Filter>Source Files\daySix</Filter>
    </Text>
    <Text Include="daySixFull.txt">
      <Filter>Source Files\daySix</Filter>
    </Text>
    <Text Include="daySevenTest.txt">
      <Filter>Source Files\daySeven</Filter>
    </Text>
    <Text Include="daySevenFull.txt">
      <Filter>Source Files\daySeven</Filter>
    </Text>
    <Text Include="dayEightTest.txt">
      <Filter>Source Files\dayEight</Filter>
    </Text>
    <Text Include="dayEightFull.txt">
      <Filter>Source Files\dayEight</Filter>
    </Text>
  </ItemGroup>
  <ItemGroup>
    <ClInclude Include="day1PartTwo.h">
      <Filter>Header Files\dayOne</Filter>
    </ClInclude>
    <ClInclude Include="day2.h">
      <Filter>Header Files\dayTwo</Filter>
    </ClInclude>
    <ClInclude Include="day1.h">
      <Filter>Header Files\dayOne</Filter>
    </ClInclude>
    <ClInclude Include="day2PartTwo.h">
      <Filter>Header Files\dayTwo</Filter>
    </ClInclude>
    <ClInclude Include="day3.h">
      <Filter>Header Files\dayThree</Filter>
    </ClInclude>
    <ClInclude Include="day3PartTwo.h">
      <Filter>Header Files\dayThree</Filter>
    </ClInclude>
    <ClInclude Include="day4.h">
      <Filter>Header Files\dayFour</Filter>
    </ClInclude>
    <ClInclude Include="day4PartTwo.h">
      <Filter>Header Files\dayFour</Filter>
    </ClInclude>
    <ClInclude Include="day5.h">
      <Filter>Header Files\dayFive</Filter>
    </ClInclude>
    <ClInclude Include="day5PartTwo.h">
      <Filter>Header Files\dayFive</Filter>
    </ClInclude>
    <ClInclude Include="day6.h">
      <Filter>Header Files\daySix</Filter>
    </ClInclude>
    <ClInclude Include="day6PartTwo.h">
      <Filter>Header Files\daySix</Filter>
    </ClInclude>
    <ClInclude Include="day7.h">
      <Filter>Header Files\daySeven</Filter>
    </ClInclude>
    <ClInclude Include="BigInt.hpp">
      <Filter>Header Files\libs</Filter>
    </ClInclude>
    <ClInclude Include="day7PartTwo.h">
      <Filter>Header Files\daySeven</Filter>
    </ClInclude>
    <ClInclude Include="day8.h">
      <Filter>Header Files\dayEight</Filter>
    </ClInclude>
  </ItemGroup>
</Project>